{
  "name": "record",
  "version": "1.0.0",
  "lockfileVersion": 1,
  "requires": true,
  "dependencies": {
    "async-validator": {
      "version": "1.6.9",
      "resolved": "http://registry.npm.taobao.org/async-validator/download/async-validator-1.6.9.tgz",
      "integrity": "sha1-qDCdqouDQhzb1GKOAm1quyUZLTQ="
    },
    "babel-helper-vue-jsx-merge-props": {
      "version": "2.0.3",
      "resolved": "http://registry.npm.taobao.org/babel-helper-vue-jsx-merge-props/download/babel-helper-vue-jsx-merge-props-2.0.3.tgz",
      "integrity": "sha1-Iq69OzOQIyjlEyk6jkmSs4T58bY="
    },
    "deepmerge": {
      "version": "1.5.2",
      "resolved": "http://registry.npm.taobao.org/deepmerge/download/deepmerge-1.5.2.tgz",
      "integrity": "sha1-EEmdhohEza1P7ghC34x/bwyVp1M="
    },
    "element-ui": {
      "version": "1.4.3",
      "resolved": "http://registry.npm.taobao.org/element-ui/download/element-ui-1.4.3.tgz",
      "integrity": "sha1-0bXFIL8Z+d7CA953eipBwruKIEw=",
      "requires": {
        "async-validator": "1.6.9",
        "babel-helper-vue-jsx-merge-props": "2.0.3",
        "deepmerge": "1.5.2",
        "throttle-debounce": "1.0.1"
      }
    },
    "throttle-debounce": {
      "version": "1.0.1",
      "resolved": "http://registry.npm.taobao.org/throttle-debounce/download/throttle-debounce-1.0.1.tgz",
      "integrity": "sha1-2tD+Ew+drzcZ/eoz3Dao5rp/MLU="
    },
    "vue": {
      "version": "2.5.15",
      "resolved": "http://registry.npm.taobao.org/vue/download/vue-2.5.15.tgz",
      "integrity": "sha1-/bZ4Yd3pZ82NG1MRY4Dy8mm0UgI="
    }
  }
}
